// !$*UTF8*$!
{
	archiveVersion = 1;
	classes = {
	};
	objectVersion = 50;
	objects = {

/* Begin PBXBuildFile section */
		D04EB4EC25B4EF5B00F49C4C /* EmojiTableViewCell.swift in Sources */ = {isa = PBXBuildFile; fileRef = D04EB4EB25B4EF5B00F49C4C /* EmojiTableViewCell.swift */; };
		D04EB4F025B5DB2A00F49C4C /* AddEditEmojiTableViewController.swift in Sources */ = {isa = PBXBuildFile; fileRef = D04EB4EF25B5DB2A00F49C4C /* AddEditEmojiTableViewController.swift */; };
		D0CA1011247FE9FB00FA7848 /* AppDelegate.swift in Sources */ = {isa = PBXBuildFile; fileRef = D0CA1010247FE9FB00FA7848 /* AppDelegate.swift */; };
		D0CA1013247FE9FB00FA7848 /* SceneDelegate.swift in Sources */ = {isa = PBXBuildFile; fileRef = D0CA1012247FE9FB00FA7848 /* SceneDelegate.swift */; };
		D0CA1018247FE9FB00FA7848 /* Main.storyboard in Resources */ = {isa = PBXBuildFile; fileRef = D0CA1016247FE9FB00FA7848 /* Main.storyboard */; };
		D0CA101A247FE9FD00FA7848 /* Assets.xcassets in Resources */ = {isa = PBXBuildFile; fileRef = D0CA1019247FE9FD00FA7848 /* Assets.xcassets */; };
		D0CA101D247FE9FD00FA7848 /* LaunchScreen.storyboard in Resources */ = {isa = PBXBuildFile; fileRef = D0CA101B247FE9FD00FA7848 /* LaunchScreen.storyboard */; };
		D0CA1025247FECCA00FA7848 /* Emoji.swift in Sources */ = {isa = PBXBuildFile; fileRef = D0CA1024247FECCA00FA7848 /* Emoji.swift */; };
		D0CA1027247FF2B600FA7848 /* EmojiTableViewController.swift in Sources */ = {isa = PBXBuildFile; fileRef = D0CA1026247FF2B600FA7848 /* EmojiTableViewController.swift */; };
/* End PBXBuildFile section */

/* Begin PBXFileReference section */
		D04EB4EB25B4EF5B00F49C4C /* EmojiTableViewCell.swift */ = {isa = PBXFileReference; lastKnownFileType = sourcecode.swift; path = EmojiTableViewCell.swift; sourceTree = "<group>"; };
		D04EB4EF25B5DB2A00F49C4C /* AddEditEmojiTableViewController.swift */ = {isa = PBXFileReference; lastKnownFileType = sourcecode.swift; path = AddEditEmojiTableViewController.swift; sourceTree = "<group>"; };
		D0CA100D247FE9FB00FA7848 /* EmojiDictionary.app */ = {isa = PBXFileReference; explicitFileType = wrapper.application; includeInIndex = 0; path = EmojiDictionary.app; sourceTree = BUILT_PRODUCTS_DIR; };
		D0CA1010247FE9FB00FA7848 /* AppDelegate.swift */ = {isa = PBXFileReference; lastKnownFileType = sourcecode.swift; path = AppDelegate.swift; sourceTree = "<group>"; };
		D0CA1012247FE9FB00FA7848 /* SceneDelegate.swift */ = {isa = PBXFileReference; lastKnownFileType = sourcecode.swift; path = SceneDelegate.swift; sourceTree = "<group>"; };
		D0CA1017247FE9FB00FA7848 /* Base */ = {isa = PBXFileReference; lastKnownFileType = file.storyboard; name = Base; path = Base.lproj/Main.storyboard; sourceTree = "<group>"; };
		D0CA1019247FE9FD00FA7848 /* Assets.xcassets */ = {isa = PBXFileReference; lastKnownFileType = folder.assetcatalog; path = Assets.xcassets; sourceTree = "<group>"; };
		D0CA101C247FE9FD00FA7848 /* Base */ = {isa = PBXFileReference; lastKnownFileType = file.storyboard; name = Base; path = Base.lproj/LaunchScreen.storyboard; sourceTree = "<group>"; };
		D0CA101E247FE9FD00FA7848 /* Info.plist */ = {isa = PBXFileReference; lastKnownFileType = text.plist.xml; path = Info.plist; sourceTree = "<group>"; };
		D0CA1024247FECCA00FA7848 /* Emoji.swift */ = {isa = PBXFileReference; lastKnownFileType = sourcecode.swift; path = Emoji.swift; sourceTree = "<group>"; };
		D0CA1026247FF2B600FA7848 /* EmojiTableViewController.swift */ = {isa = PBXFileReference; lastKnownFileType = sourcecode.swift; path = EmojiTableViewController.swift; sourceTree = "<group>"; };
/* End PBXFileReference section */

/* Begin PBXFrameworksBuildPhase section */
		D0CA100A247FE9FB00FA7848 /* Frameworks */ = {
			isa = PBXFrameworksBuildPhase;
			buildActionMask = 2147483647;
			files = (
			);
			runOnlyForDeploymentPostprocessing = 0;
		};
/* End PBXFrameworksBuildPhase section */

/* Begin PBXGroup section */
		D0CA1004247FE9FB00FA7848 = {
			isa = PBXGroup;
			children = (
				D0CA100F247FE9FB00FA7848 /* EmojiDictionary */,
				D0CA100E247FE9FB00FA7848 /* Products */,
			);
			sourceTree = "<group>";
		};
		D0CA100E247FE9FB00FA7848 /* Products */ = {
			isa = PBXGroup;
			children = (
				D0CA100D247FE9FB00FA7848 /* EmojiDictionary.app */,
			);
			name = Products;
			sourceTree = "<group>";
		};
		D0CA100F247FE9FB00FA7848 /* EmojiDictionary */ = {
			isa = PBXGroup;
			children = (
				D0CA1010247FE9FB00FA7848 /* AppDelegate.swift */,
				D0CA1012247FE9FB00FA7848 /* SceneDelegate.swift */,
				D0CA1016247FE9FB00FA7848 /* Main.storyboard */,
				D04EB4EF25B5DB2A00F49C4C /* AddEditEmojiTableViewController.swift */,
				D04EB4EB25B4EF5B00F49C4C /* EmojiTableViewCell.swift */,
				D0CA1026247FF2B600FA7848 /* EmojiTableViewController.swift */,
				D0CA1024247FECCA00FA7848 /* Emoji.swift */,
				D0CA1019247FE9FD00FA7848 /* Assets.xcassets */,
				D0CA101B247FE9FD00FA7848 /* LaunchScreen.storyboard */,
				D0CA101E247FE9FD00FA7848 /* Info.plist */,
			);
			path = EmojiDictionary;
			sourceTree = "<group>";
		};
/* End PBXGroup section */

/* Begin PBXNativeTarget section */
		D0CA100C247FE9FB00FA7848 /* EmojiDictionary */ = {
			isa = PBXNativeTarget;
			buildConfigurationList = D0CA1021247FE9FD00FA7848 /* Build configuration list for PBXNativeTarget "EmojiDictionary" */;
			buildPhases = (
				D0CA1009247FE9FB00FA7848 /* Sources */,
				D0CA100A247FE9FB00FA7848 /* Frameworks */,
				D0CA100B247FE9FB00FA7848 /* Resources */,
			);
			buildRules = (
			);
			dependencies = (
			);
			name = EmojiDictionary;
			productName = EmojiDictionary;
			productReference = D0CA100D247FE9FB00FA7848 /* EmojiDictionary.app */;
			productType = "com.apple.product-type.application";
		};
/* End PBXNativeTarget section */

/* Begin PBXProject section */
		D0CA1005247FE9FB00FA7848 /* Project object */ = {
			isa = PBXProject;
			attributes = {
				LastSwiftUpdateCheck = 1150;
				LastUpgradeCheck = 1150;
				ORGANIZATIONNAME = "George Baker";
				TargetAttributes = {
					D0CA100C247FE9FB00FA7848 = {
						CreatedOnToolsVersion = 11.5;
					};
				};
			};
			buildConfigurationList = D0CA1008247FE9FB00FA7848 /* Build configuration list for PBXProject "EmojiDictionary" */;
			compatibilityVersion = "Xcode 9.3";
			developmentRegion = en;
			hasScannedForEncodings = 0;
			knownRegions = (
				en,
				Base,
			);
			mainGroup = D0CA1004247FE9FB00FA7848;
			productRefGroup = D0CA100E247FE9FB00FA7848 /* Products */;
			projectDirPath = "";
			projectRoot = "";
			targets = (
				D0CA100C247FE9FB00FA7848 /* EmojiDictionary */,
			);
		};
/* End PBXProject section */

/* Begin PBXResourcesBuildPhase section */
		D0CA100B247FE9FB00FA7848 /* Resources */ = {
			isa = PBXResourcesBuildPhase;
			buildActionMask = 2147483647;
			files = (
				D0CA101D247FE9FD00FA7848 /* LaunchScreen.storyboard in Resources */,
				D0CA101A247FE9FD00FA7848 /* Assets.xcassets in Resources */,
				D0CA1018247FE9FB00FA7848 /* Main.storyboard in Resources */,
			);
			runOnlyForDeploymentPostprocessing = 0;
		};
/* End PBXResourcesBuildPhase section */

/* Begin PBXSourcesBuildPhase section */
		D0CA1009247FE9FB00FA7848 /* Sources */ = {
			isa = PBXSourcesBuildPhase;
			buildActionMask = 2147483647;
			files = (
				D04EB4F025B5DB2A00F49C4C /* AddEditEmojiTableViewController.swift in Sources */,
				D0CA1027247FF2B600FA7848 /* EmojiTableViewController.swift in Sources */,
				D0CA1025247FECCA00FA7848 /* Emoji.swift in Sources */,
				D04EB4EC25B4EF5B00F49C4C /* EmojiTableViewCell.swift in Sources */,
				D0CA1011247FE9FB00FA7848 /* AppDelegate.swift in Sources */,
				D0CA1013247FE9FB00FA7848 /* SceneDelegate.swift in Sources */,
			);
			runOnlyForDeploymentPostprocessing = 0;
		};
/* End PBXSourcesBuildPhase section */

/* Begin PBXVariantGroup section */
		D0CA1016247FE9FB00FA7848 /* Main.storyboard */ = {
			isa = PBXVariantGroup;
			children = (
				D0CA1017247FE9FB00FA7848 /* Base */,
			);
			name = Main.storyboard;
			sourceTree = "<group>";
		};
		D0CA101B247FE9FD00FA7848 /* LaunchScreen.storyboard */ = {
			isa = PBXVariantGroup;
			children = (
				D0CA101C247FE9FD00FA7848 /* Base */,
			);
			name = LaunchScreen.storyboard;
			sourceTree = "<group>";
		};
/* End PBXVariantGroup section */

/* Begin XCBuildConfiguration section */
		D0CA101F247FE9FD00FA7848 /* Debug */ = {
			isa = XCBuildConfiguration;
			buildSettings = {
				ALWAYS_SEARCH_USER_PATHS = NO;
				CLANG_ANALYZER_NONNULL = YES;
				CLANG_ANALYZER_NUMBER_OBJECT_CONVERSION = YES_AGGRESSIVE;
				CLANG_CXX_LANGUAGE_STANDARD = "gnu++14";
				CLANG_CXX_LIBRARY = "libc++";
				CLANG_ENABLE_MODULES = YES;
				CLANG_ENABLE_OBJC_ARC = YES;
				CLANG_ENABLE_OBJC_WEAK = YES;
				CLANG_WARN_BLOCK_CAPTURE_AUTORELEASING = YES;
				CLANG_WARN_BOOL_CONVERSION = YES;
				CLANG_WARN_COMMA = YES;
				CLANG_WARN_CONSTANT_CONVERSION = YES;
				CLANG_WARN_DEPRECATED_OBJC_IMPLEMENTATIONS = YES;
				CLANG_WARN_DIRECT_OBJC_ISA_USAGE = YES_ERROR;
				CLANG_WARN_DOCUMENTATION_COMMENTS = YES;
				CLANG_WARN_EMPTY_BODY = YES;
				CLANG_WARN_ENUM_CONVERSION = YES;
				CLANG_WARN_INFINITE_RECURSION = YES;
				CLANG_WARN_INT_CONVERSION = YES;
				CLANG_WARN_NON_LITERAL_NULL_CONVERSION = YES;
				CLANG_WARN_OBJC_IMPLICIT_RETAIN_SELF = YES;
				CLANG_WARN_OBJC_LITERAL_CONVERSION = YES;
				CLANG_WARN_OBJC_ROOT_CLASS = YES_ERROR;
				CLANG_WARN_RANGE_LOOP_ANALYSIS = YES;
				CLANG_WARN_STRICT_PROTOTYPES = YES;
				CLANG_WARN_SUSPICIOUS_MOVE = YES;
				CLANG_WARN_UNGUARDED_AVAILABILITY = YES_AGGRESSIVE;
				CLANG_WARN_UNREACHABLE_CODE = YES;
				CLANG_WARN__DUPLICATE_METHOD_MATCH = YES;
				COPY_PHASE_STRIP = NO;
				DEBUG_INFORMATION_FORMAT = dwarf;
				ENABLE_STRICT_OBJC_MSGSEND = YES;
				ENABLE_TESTABILITY = YES;
				GCC_C_LANGUAGE_STANDARD = gnu11;
				GCC_DYNAMIC_NO_PIC = NO;
				GCC_NO_COMMON_BLOCKS = YES;
				GCC_OPTIMIZATION_LEVEL = 0;
				GCC_PREPROCESSOR_DEFINITIONS = (
					"DEBUG=1",
					"$(inherited)",
				);
				GCC_WARN_64_TO_32_BIT_CONVERSION = YES;
				GCC_WARN_ABOUT_RETURN_TYPE = YES_ERROR;
				GCC_WARN_UNDECLARED_SELECTOR = YES;
				GCC_WARN_UNINITIALIZED_AUTOS = YES_AGGRESSIVE;
				GCC_WARN_UNUSED_FUNCTION = YES;
				GCC_WARN_UNUSED_VARIABLE = YES;
				IPHONEOS_DEPLOYMENT_TARGET = 13.5;
				MTL_ENABLE_DEBUG_INFO = INCLUDE_SOURCE;
				MTL_FAST_MATH = YES;
				ONLY_ACTIVE_ARCH = YES;
				SDKROOT = iphoneos;
				SWIFT_ACTIVE_COMPILATION_CONDITIONS = DEBUG;
				SWIFT_OPTIMIZATION_LEVEL = "-Onone";
			};
			name = Debug;
		};
		D0CA1020247FE9FD00FA7848 /* Release */ = {
			isa = XCBuildConfiguration;
			buildSettings = {
				ALWAYS_SEARCH_USER_PATHS = NO;
				CLANG_ANALYZER_NONNULL = YES;
				CLANG_ANALYZER_NUMBER_OBJECT_CONVERSION = YES_AGGRESSIVE;
				CLANG_CXX_LANGUAGE_STANDARD = "gnu++14";
				CLANG_CXX_LIBRARY = "libc++";
				CLANG_ENABLE_MODULES = YES;
				CLANG_ENABLE_OBJC_ARC = YES;
				CLANG_ENABLE_OBJC_WEAK = YES;
				CLANG_WARN_BLOCK_CAPTURE_AUTORELEASING = YES;
				CLANG_WARN_BOOL_CONVERSION = YES;
				CLANG_WARN_COMMA = YES;
				CLANG_WARN_CONSTANT_CONVERSION = YES;
				CLANG_WARN_DEPRECATED_OBJC_IMPLEMENTATIONS = YES;
				CLANG_WARN_DIRECT_OBJC_ISA_USAGE = YES_ERROR;
				CLANG_WARN_DOCUMENTATION_COMMENTS = YES;
				CLANG_WARN_EMPTY_BODY = YES;
				CLANG_WARN_ENUM_CONVERSION = YES;
				CLANG_WARN_INFINITE_RECURSION = YES;
				CLANG_WARN_INT_CONVERSION = YES;
				CLANG_WARN_NON_LITERAL_NULL_CONVERSION = YES;
				CLANG_WARN_OBJC_IMPLICIT_RETAIN_SELF = YES;
				CLANG_WARN_OBJC_LITERAL_CONVERSION = YES;
				CLANG_WARN_OBJC_ROOT_CLASS = YES_ERROR;
				CLANG_WARN_RANGE_LOOP_ANALYSIS = YES;
				CLANG_WARN_STRICT_PROTOTYPES = YES;
				CLANG_WARN_SUSPICIOUS_MOVE = YES;
				CLANG_WARN_UNGUARDED_AVAILABILITY = YES_AGGRESSIVE;
				CLANG_WARN_UNREACHABLE_CODE = YES;
				CLANG_WARN__DUPLICATE_METHOD_MATCH = YES;
				COPY_PHASE_STRIP = NO;
				DEBUG_INFORMATION_FORMAT = "dwarf-with-dsym";
				ENABLE_NS_ASSERTIONS = NO;
				ENABLE_STRICT_OBJC_MSGSEND = YES;
				GCC_C_LANGUAGE_STANDARD = gnu11;
				GCC_NO_COMMON_BLOCKS = YES;
				GCC_WARN_64_TO_32_BIT_CONVERSION = YES;
				GCC_WARN_ABOUT_RETURN_TYPE = YES_ERROR;
				GCC_WARN_UNDECLARED_SELECTOR = YES;
				GCC_WARN_UNINITIALIZED_AUTOS = YES_AGGRESSIVE;
				GCC_WARN_UNUSED_FUNCTION = YES;
				GCC_WARN_UNUSED_VARIABLE = YES;
				IPHONEOS_DEPLOYMENT_TARGET = 13.5;
				MTL_ENABLE_DEBUG_INFO = NO;
				MTL_FAST_MATH = YES;
				SDKROOT = iphoneos;
				SWIFT_COMPILATION_MODE = wholemodule;
				SWIFT_OPTIMIZATION_LEVEL = "-O";
				VALIDATE_PRODUCT = YES;
			};
			name = Release;
		};
		D0CA1022247FE9FD00FA7848 /* Debug */ = {
			isa = XCBuildConfiguration;
			buildSettings = {
				ASSETCATALOG_COMPILER_APPICON_NAME = AppIcon;
				CODE_SIGN_STYLE = Automatic;
				DEVELOPMENT_TEAM = FP5LFBG2W6;
				INFOPLIST_FILE = EmojiDictionary/Info.plist;
				LD_RUNPATH_SEARCH_PATHS = (
					"$(inherited)",
					"@executable_path/Frameworks",
				);
				PRODUCT_BUNDLE_IDENTIFIER = gsbaker.EmojiDictionary;
				PRODUCT_NAME = "$(TARGET_NAME)";
				SWIFT_VERSION = 5.0;
				TARGETED_DEVICE_FAMILY = "1,2";
			};
			name = Debug;
		};
		D0CA1023247FE9FD00FA7848 /* Release */ = {
			isa = XCBuildConfiguration;
			buildSettings = {
				ASSETCATALOG_COMPILER_APPICON_NAME = AppIcon;
				CODE_SIGN_STYLE = Automatic;
				DEVELOPMENT_TEAM = FP5LFBG2W6;
				INFOPLIST_FILE = EmojiDictionary/Info.plist;
				LD_RUNPATH_SEARCH_PATHS = (
					"$(inherited)",
					"@executable_path/Frameworks",
				);
				PRODUCT_BUNDLE_IDENTIFIER = gsbaker.EmojiDictionary;
				PRODUCT_NAME = "$(TARGET_NAME)";
				SWIFT_VERSION = 5.0;
				TARGETED_DEVICE_FAMILY = "1,2";
			};
			name = Release;
		};
/* End XCBuildConfiguration section */

/* Begin XCConfigurationList section */
		D0CA1008247FE9FB00FA7848 /* Build configuration list for PBXProject "EmojiDictionary" */ = {
			isa = XCConfigurationList;
			buildConfigurations = (
				D0CA101F247FE9FD00FA7848 /* Debug */,
				D0CA1020247FE9FD00FA7848 /* Release */,
			);
			defaultConfigurationIsVisible = 0;
			defaultConfigurationName = Release;
		};
		D0CA1021247FE9FD00FA7848 /* Build configuration list for PBXNativeTarget "EmojiDictionary" */ = {
			isa = XCConfigurationList;
			buildConfigurations = (
				D0CA1022247FE9FD00FA7848 /* Debug */,
				D0CA1023247FE9FD00FA7848 /* Release */,
			);
			defaultConfigurationIsVisible = 0;
			defaultConfigurationName = Release;
		};
/* End XCConfigurationList section */
	};
	rootObject = D0CA1005247FE9FB00FA7848 /* Project object */;
}
